{
    "_readme": [
        "This file locks the dependencies of your project to a known state",
        "Read more about it at https://getcomposer.org/doc/01-basic-usage.md#installing-dependencies",
        "This file is @generated automatically"
    ],
    "content-hash": "7eeef43e4e9ee9eb6d9aeeed25d7095b",
    "packages": [
        {
            "name": "utopia-php/cli",
            "version": "dev-master",
            "source": {
                "type": "git",
                "url": "https://github.com/utopia-php/cli.git",
                "reference": "2186679c9a5b368a55fcde61ad3b7551c9897578"
            },
            "dist": {
                "type": "zip",
                "url": "https://api.github.com/repos/utopia-php/cli/zipball/2186679c9a5b368a55fcde61ad3b7551c9897578",
                "reference": "2186679c9a5b368a55fcde61ad3b7551c9897578",
                "shasum": ""
            },
            "require": {
                "php": ">=7.4",
                "utopia-php/framework": "0.*.*"
            },
            "require-dev": {
                "phpunit/phpunit": "^9.3",
                "vimeo/psalm": "4.0.1"
            },
            "default-branch": true,
            "type": "library",
            "autoload": {
                "psr-4": {
                    "Utopia\\CLI\\": "src/CLI"
                }
            },
            "notification-url": "https://packagist.org/downloads/",
            "license": [
                "MIT"
            ],
            "description": "A simple CLI library to manage command line applications",
            "keywords": [
                "cli",
                "command line",
                "framework",
                "php",
                "upf",
                "utopia"
            ],
            "support": {
                "issues": "https://github.com/utopia-php/cli/issues",
                "source": "https://github.com/utopia-php/cli/tree/master"
            },
            "time": "2021-10-26T03:50:44+00:00"
        },
        {
            "name": "utopia-php/framework",
            "version": "0.19.0",
            "source": {
                "type": "git",
                "url": "https://github.com/utopia-php/framework.git",
                "reference": "c86fc078ef258f3c88d3a25233202267314df3a9"
            },
            "dist": {
                "type": "zip",
                "url": "https://api.github.com/repos/utopia-php/framework/zipball/c86fc078ef258f3c88d3a25233202267314df3a9",
                "reference": "c86fc078ef258f3c88d3a25233202267314df3a9",
                "shasum": ""
            },
            "require": {
                "php": ">=7.3.0"
            },
            "require-dev": {
                "phpunit/phpunit": "^9.4",
                "vimeo/psalm": "4.0.1"
            },
            "type": "library",
            "autoload": {
                "psr-4": {
                    "Utopia\\": "src/"
                }
            },
            "notification-url": "https://packagist.org/downloads/",
            "license": [
                "MIT"
            ],
            "description": "A simple, light and advanced PHP framework",
            "keywords": [
                "framework",
                "php",
                "upf"
            ],
            "support": {
                "issues": "https://github.com/utopia-php/framework/issues",
                "source": "https://github.com/utopia-php/framework/tree/0.19.0"
            },
            "time": "2021-10-08T11:46:20+00:00"
        },
        {
            "name": "utopia-php/swoole",
            "version": "dev-master",
            "source": {
                "type": "git",
                "url": "https://github.com/utopia-php/swoole.git",
                "reference": "c9664cf6f9e4a671d72c8d47e33e5df3e8869914"
            },
            "dist": {
                "type": "zip",
                "url": "https://api.github.com/repos/utopia-php/swoole/zipball/c9664cf6f9e4a671d72c8d47e33e5df3e8869914",
                "reference": "c9664cf6f9e4a671d72c8d47e33e5df3e8869914",
                "shasum": ""
            },
            "require": {
                "ext-swoole": "*",
                "php": ">=7.4",
                "utopia-php/framework": "0.*.*"
            },
            "require-dev": {
                "phpunit/phpunit": "^9.3",
                "swoole/ide-helper": "4.5.5",
                "vimeo/psalm": "4.0.1"
            },
            "default-branch": true,
            "type": "library",
            "autoload": {
                "psr-4": {
                    "Utopia\\Swoole\\": "src/Swoole"
                }
            },
            "notification-url": "https://packagist.org/downloads/",
            "license": [
                "MIT"
            ],
            "description": "An extension for Utopia Framework to work with PHP Swoole as a PHP FPM alternative",
            "keywords": [
                "framework",
                "http",
                "php",
                "server",
                "swoole",
                "upf",
                "utopia"
            ],
            "support": {
                "issues": "https://github.com/utopia-php/swoole/issues",
                "source": "https://github.com/utopia-php/swoole/tree/master"
            },
            "time": "2021-10-25T10:17:24+00:00"
        }
    ],
    "packages-dev": [
        {
            "name": "swoole/ide-helper",
            "version": "4.6.7",
            "source": {
                "type": "git",
                "url": "https://github.com/swoole/ide-helper.git",
                "reference": "0d1409b8274117addfe64d3ea412812a69807411"
            },
            "dist": {
                "type": "zip",
                "url": "https://api.github.com/repos/swoole/ide-helper/zipball/0d1409b8274117addfe64d3ea412812a69807411",
                "reference": "0d1409b8274117addfe64d3ea412812a69807411",
                "shasum": ""
            },
            "require-dev": {
                "guzzlehttp/guzzle": "~6.5.0",
                "laminas/laminas-code": "~3.4.0",
                "squizlabs/php_codesniffer": "~3.5.0",
                "symfony/filesystem": "~4.0"
            },
            "type": "library",
            "notification-url": "https://packagist.org/downloads/",
            "license": [
                "Apache-2.0"
            ],
            "description": "IDE help files for Swoole.",
            "support": {
                "issues": "https://github.com/swoole/ide-helper/issues",
                "source": "https://github.com/swoole/ide-helper/tree/4.6.7"
            },
            "funding": [
                {
                    "url": "https://gitee.com/swoole/swoole?donate=true",
                    "type": "custom"
                },
                {
                    "url": "https://github.com/swoole",
                    "type": "github"
                },
                {
                    "url": "https://opencollective.com/swoole-src",
                    "type": "open_collective"
                }
            ],
            "time": "2021-05-14T16:05:16+00:00"
        }
    ],
    "aliases": [],
    "minimum-stability": "dev",
    "stability-flags": {
        "utopia-php/swoole": 20,
        "utopia-php/cli": 20
    },
    "prefer-stable": false,
    "prefer-lowest": false,
    "platform": [],
    "platform-dev": [],
    "plugin-api-version": "2.1.0"
}
