{
    "_readme": [
        "This file locks the dependencies of your project to a known state",
        "Read more about it at https://getcomposer.org/doc/01-basic-usage.md#installing-dependencies",
        "This file is @generated automatically"
    ],
    "content-hash": "bdaac2c6cd05b89b310b51d44942be54",
    "packages": [
        {
            "name": "utopia-php/cli",
            "version": "dev-master",
            "source": {
                "type": "git",
                "url": "https://github.com/utopia-php/cli.git",
                "reference": "69ae40187fb4b68ef14f0224a68d9cc016b83634"
            },
            "dist": {
                "type": "zip",
                "url": "https://api.github.com/repos/utopia-php/cli/zipball/69ae40187fb4b68ef14f0224a68d9cc016b83634",
                "reference": "69ae40187fb4b68ef14f0224a68d9cc016b83634",
                "shasum": ""
            },
            "require": {
                "php": ">=7.4",
                "utopia-php/framework": "0.*.*"
            },
            "require-dev": {
                "phpunit/phpunit": "^9.3",
                "vimeo/psalm": "4.0.1"
            },
            "default-branch": true,
            "type": "library",
            "autoload": {
                "psr-4": {
                    "Utopia\\CLI\\": "src/CLI"
                }
            },
            "notification-url": "https://packagist.org/downloads/",
            "license": [
                "MIT"
            ],
            "authors": [
                {
                    "name": "Eldad Fux",
                    "email": "eldad@appwrite.io"
                }
            ],
            "description": "A simple CLI library to manage command line applications",
            "keywords": [
                "cli",
                "command line",
                "framework",
                "php",
                "upf",
                "utopia"
            ],
            "support": {
                "issues": "https://github.com/utopia-php/cli/issues",
                "source": "https://github.com/utopia-php/cli/tree/0.10.0"
            },
            "time": "2021-01-26T16:35:15+00:00"
        },
        {
            "name": "utopia-php/framework",
            "version": "0.10.1",
            "source": {
                "type": "git",
                "url": "https://github.com/utopia-php/framework.git",
                "reference": "9af223a1df4734ca92e39d414eacb9c61d1d92ae"
            },
            "dist": {
                "type": "zip",
                "url": "https://api.github.com/repos/utopia-php/framework/zipball/9af223a1df4734ca92e39d414eacb9c61d1d92ae",
                "reference": "9af223a1df4734ca92e39d414eacb9c61d1d92ae",
                "shasum": ""
            },
            "require": {
                "php": ">=7.3.0"
            },
            "require-dev": {
                "phpunit/phpunit": "^9.4",
                "vimeo/psalm": "4.0.1"
            },
            "type": "library",
            "autoload": {
                "psr-4": {
                    "Utopia\\": "src/"
                }
            },
            "notification-url": "https://packagist.org/downloads/",
            "license": [
                "MIT"
            ],
            "authors": [
                {
                    "name": "Eldad Fux",
                    "email": "eldad@appwrite.io"
                }
            ],
            "description": "A simple, light and advanced PHP framework",
            "keywords": [
                "framework",
                "php",
                "upf"
            ],
            "support": {
                "issues": "https://github.com/utopia-php/framework/issues",
                "source": "https://github.com/utopia-php/framework/tree/0.10.1"
            },
            "time": "2021-02-10T12:42:28+00:00"
        },
        {
            "name": "utopia-php/swoole",
            "version": "dev-master",
            "source": {
                "type": "git",
                "url": "https://github.com/utopia-php/swoole.git",
                "reference": "63168a82037f371516a199d75da101c8caa3edc1"
            },
            "dist": {
                "type": "zip",
                "url": "https://api.github.com/repos/utopia-php/swoole/zipball/63168a82037f371516a199d75da101c8caa3edc1",
                "reference": "63168a82037f371516a199d75da101c8caa3edc1",
                "shasum": ""
            },
            "require": {
                "ext-swoole": "*",
                "php": ">=7.4",
                "utopia-php/framework": "0.*.*"
            },
            "require-dev": {
                "phpunit/phpunit": "^9.3",
                "swoole/ide-helper": "4.5.5",
                "vimeo/psalm": "4.0.1"
            },
            "default-branch": true,
            "type": "library",
            "autoload": {
                "psr-4": {
                    "Utopia\\Swoole\\": "src/Swoole"
                }
            },
            "notification-url": "https://packagist.org/downloads/",
            "license": [
                "MIT"
            ],
            "authors": [
                {
                    "name": "Eldad Fux",
                    "email": "team@appwrite.io"
                }
            ],
            "description": "An extension for Utopia Framework to work with PHP Swoole as a PHP FPM alternative",
            "keywords": [
                "framework",
                "http",
                "php",
                "server",
                "swoole",
                "upf",
                "utopia"
            ],
            "support": {
                "issues": "https://github.com/utopia-php/swoole/issues",
                "source": "https://github.com/utopia-php/swoole/tree/0.2.1"
            },
            "time": "2021-02-10T06:20:43+00:00"
        }
    ],
    "packages-dev": [],
    "aliases": [],
    "minimum-stability": "dev",
    "stability-flags": {
        "utopia-php/swoole": 20,
        "utopia-php/cli": 20
    },
    "prefer-stable": false,
    "prefer-lowest": false,
    "platform": [],
    "platform-dev": [],
    "plugin-api-version": "2.0.0"
}
